{
    "_readme": [
        "This file locks the dependencies of your project to a known state",
        "Read more about it at https://getcomposer.org/doc/01-basic-usage.md#installing-dependencies",
        "This file is @generated automatically"
    ],
    "content-hash": "d6ce8fc55109a5436979bde39852028d",
    "packages": [
        {
            "name": "gehrisandro/tailwind-merge-php",
            "version": "v1.1.0",
            "source": {
                "type": "git",
                "url": "https://github.com/gehrisandro/tailwind-merge-php.git",
                "reference": "781bb3add8a08de048225542ae993c61cfeb34c0"
            },
            "dist": {
                "type": "zip",
                "url": "https://api.github.com/repos/gehrisandro/tailwind-merge-php/zipball/781bb3add8a08de048225542ae993c61cfeb34c0",
                "reference": "781bb3add8a08de048225542ae993c61cfeb34c0",
                "shasum": ""
            },
            "require": {
                "php": "^8.1.0",
                "psr/simple-cache": "^3.0"
            },
            "require-dev": {
                "laravel/pint": "^1.13.8",
                "nunomaduro/collision": "^7.10",
                "pestphp/pest": "^v2.24.0",
                "pestphp/pest-plugin-arch": "^2.6",
                "pestphp/pest-plugin-mock": "^2.0.0",
                "pestphp/pest-plugin-type-coverage": "^2.8",
                "phpstan/phpstan": "^1.10.55",
                "rector/rector": "^0.19",
                "symfony/var-dumper": "^6.4.2"
            },
            "type": "library",
            "autoload": {
                "files": [
                    "src/TailwindMerge.php"
                ],
                "psr-4": {
                    "TailwindMerge\\": "src/"
                }
            },
            "notification-url": "https://packagist.org/downloads/",
            "license": [
                "MIT"
            ],
            "authors": [
                {
                    "name": "Sandro Gehri",
                    "email": "sandrogehri@gmail.com"
                }
            ],
            "description": "TailwindMerge for PHP merges multiple Tailwind CSS classes by automatically resolving conflicts between them",
            "keywords": [
                "classes",
                "merge",
                "php",
                "tailwindcss"
            ],
            "support": {
                "issues": "https://github.com/gehrisandro/tailwind-merge-php/issues",
                "source": "https://github.com/gehrisandro/tailwind-merge-php/tree/v1.1.0"
            },
            "funding": [
                {
                    "url": "https://github.com/gehrisandro",
                    "type": "github"
                }
            ],
            "time": "2024-01-10T20:54:41+00:00"
        },
        {
            "name": "log1x/navi",
            "version": "v2.0.4",
            "source": {
                "type": "git",
                "url": "https://github.com/Log1x/navi.git",
                "reference": "50bb70e8b689d604c30c749166926b06a438e661"
            },
            "dist": {
                "type": "zip",
                "url": "https://api.github.com/repos/Log1x/navi/zipball/50bb70e8b689d604c30c749166926b06a438e661",
                "reference": "50bb70e8b689d604c30c749166926b06a438e661",
                "shasum": ""
            },
            "require": {
                "php": "^7.0|^8.0"
            },
            "require-dev": {
                "squizlabs/php_codesniffer": "^3.4"
            },
            "type": "package",
            "extra": {
                "acorn": {
                    "providers": [
                        "Log1x\\Navi\\Providers\\NaviServiceProvider"
                    ],
                    "aliases": {
                        "Navi": "Log1x\\Navi\\Facades\\Navi"
                    }
                }
            },
            "autoload": {
                "psr-4": {
                    "Log1x\\Navi\\": "src/"
                }
            },
            "notification-url": "https://packagist.org/downloads/",
            "license": [
                "MIT"
            ],
            "authors": [
                {
                    "name": "Brandon Nifong",
                    "email": "brandon@tendency.me"
                }
            ],
            "description": "A developer-friendly alternative to the WordPress NavWalker.",
            "keywords": [
                "navwalker",
                "wordpress",
                "wordpress-plugin"
            ],
            "support": {
                "issues": "https://github.com/log1x/navi/issues",
                "source": "https://github.com/Log1x/navi/tree/v2.0.4"
            },
            "funding": [
                {
                    "url": "https://github.com/Log1x",
                    "type": "github"
                }
            ],
            "time": "2023-07-29T06:46:25+00:00"
        },
        {
            "name": "lukapeharda/tailwindcss-color-palette-generator",
            "version": "0.3.3",
            "source": {
                "type": "git",
                "url": "https://github.com/lukapeharda/tailwindcss-color-palette-generator.git",
                "reference": "58fedbfd11c23661d277663efbccd35fc91b007f"
            },
            "dist": {
                "type": "zip",
                "url": "https://api.github.com/repos/lukapeharda/tailwindcss-color-palette-generator/zipball/58fedbfd11c23661d277663efbccd35fc91b007f",
                "reference": "58fedbfd11c23661d277663efbccd35fc91b007f",
                "shasum": ""
            },
            "require": {
                "php": ">=7.4"
            },
            "type": "library",
            "autoload": {
                "psr-4": {
                    "LukaPeharda\\TailwindCssColorPaletteGenerator\\": "src/"
                }
            },
            "notification-url": "https://packagist.org/downloads/",
            "license": [
                "MIT"
            ],
            "authors": [
                {
                    "name": "Luka Peharda",
                    "email": "luka.peharda@gmail.com"
                }
            ],
            "description": "Generate TailwindCSS color palette from a single color.",
            "keywords": [
                "color",
                "generator",
                "palette",
                "tailwindcss"
            ],
            "support": {
                "issues": "https://github.com/lukapeharda/tailwindcss-color-palette-generator/issues",
                "source": "https://github.com/lukapeharda/tailwindcss-color-palette-generator/tree/0.3.3"
            },
            "time": "2023-04-17T12:52:26+00:00"
        },
        {
            "name": "psr/simple-cache",
            "version": "3.0.0",
            "source": {
                "type": "git",
                "url": "https://github.com/php-fig/simple-cache.git",
                "reference": "764e0b3939f5ca87cb904f570ef9be2d78a07865"
            },
            "dist": {
                "type": "zip",
                "url": "https://api.github.com/repos/php-fig/simple-cache/zipball/764e0b3939f5ca87cb904f570ef9be2d78a07865",
                "reference": "764e0b3939f5ca87cb904f570ef9be2d78a07865",
                "shasum": ""
            },
            "require": {
                "php": ">=8.0.0"
            },
            "type": "library",
            "extra": {
                "branch-alias": {
                    "dev-master": "3.0.x-dev"
                }
            },
            "autoload": {
                "psr-4": {
                    "Psr\\SimpleCache\\": "src/"
                }
            },
            "notification-url": "https://packagist.org/downloads/",
            "license": [
                "MIT"
            ],
            "authors": [
                {
                    "name": "PHP-FIG",
                    "homepage": "https://www.php-fig.org/"
                }
            ],
            "description": "Common interfaces for simple caching",
            "keywords": [
                "cache",
                "caching",
                "psr",
                "psr-16",
                "simple-cache"
            ],
            "support": {
                "source": "https://github.com/php-fig/simple-cache/tree/3.0.0"
            },
            "time": "2021-10-29T13:26:27+00:00"
        }
    ],
    "packages-dev": [
        {
            "name": "symfony/deprecation-contracts",
            "version": "v3.3.0",
            "source": {
                "type": "git",
                "url": "https://github.com/symfony/deprecation-contracts.git",
                "reference": "7c3aff79d10325257a001fcf92d991f24fc967cf"
            },
            "dist": {
                "type": "zip",
                "url": "https://api.github.com/repos/symfony/deprecation-contracts/zipball/7c3aff79d10325257a001fcf92d991f24fc967cf",
                "reference": "7c3aff79d10325257a001fcf92d991f24fc967cf",
                "shasum": ""
            },
            "require": {
                "php": ">=8.1"
            },
            "type": "library",
            "extra": {
                "branch-alias": {
                    "dev-main": "3.4-dev"
                },
                "thanks": {
                    "name": "symfony/contracts",
                    "url": "https://github.com/symfony/contracts"
                }
            },
            "autoload": {
                "files": [
                    "function.php"
                ]
            },
            "notification-url": "https://packagist.org/downloads/",
            "license": [
                "MIT"
            ],
            "authors": [
                {
                    "name": "Nicolas Grekas",
                    "email": "p@tchwork.com"
                },
                {
                    "name": "Symfony Community",
                    "homepage": "https://symfony.com/contributors"
                }
            ],
            "description": "A generic function and convention to trigger deprecation notices",
            "homepage": "https://symfony.com",
            "support": {
                "source": "https://github.com/symfony/deprecation-contracts/tree/v3.3.0"
            },
            "funding": [
                {
                    "url": "https://symfony.com/sponsor",
                    "type": "custom"
                },
                {
                    "url": "https://github.com/fabpot",
                    "type": "github"
                },
                {
                    "url": "https://tidelift.com/funding/github/packagist/symfony/symfony",
                    "type": "tidelift"
                }
            ],
            "time": "2023-05-23T14:45:45+00:00"
        },
        {
            "name": "symfony/polyfill-mbstring",
            "version": "v1.28.0",
            "source": {
                "type": "git",
                "url": "https://github.com/symfony/polyfill-mbstring.git",
                "reference": "42292d99c55abe617799667f454222c54c60e229"
            },
            "dist": {
                "type": "zip",
                "url": "https://api.github.com/repos/symfony/polyfill-mbstring/zipball/42292d99c55abe617799667f454222c54c60e229",
                "reference": "42292d99c55abe617799667f454222c54c60e229",
                "shasum": ""
            },
            "require": {
                "php": ">=7.1"
            },
            "provide": {
                "ext-mbstring": "*"
            },
            "suggest": {
                "ext-mbstring": "For best performance"
            },
            "type": "library",
            "extra": {
                "branch-alias": {
                    "dev-main": "1.28-dev"
                },
                "thanks": {
                    "name": "symfony/polyfill",
                    "url": "https://github.com/symfony/polyfill"
                }
            },
            "autoload": {
                "files": [
                    "bootstrap.php"
                ],
                "psr-4": {
                    "Symfony\\Polyfill\\Mbstring\\": ""
                }
            },
            "notification-url": "https://packagist.org/downloads/",
            "license": [
                "MIT"
            ],
            "authors": [
                {
                    "name": "Nicolas Grekas",
                    "email": "p@tchwork.com"
                },
                {
                    "name": "Symfony Community",
                    "homepage": "https://symfony.com/contributors"
                }
            ],
            "description": "Symfony polyfill for the Mbstring extension",
            "homepage": "https://symfony.com",
            "keywords": [
                "compatibility",
                "mbstring",
                "polyfill",
                "portable",
                "shim"
            ],
            "support": {
                "source": "https://github.com/symfony/polyfill-mbstring/tree/v1.28.0"
            },
            "funding": [
                {
                    "url": "https://symfony.com/sponsor",
                    "type": "custom"
                },
                {
                    "url": "https://github.com/fabpot",
                    "type": "github"
                },
                {
                    "url": "https://tidelift.com/funding/github/packagist/symfony/symfony",
                    "type": "tidelift"
                }
            ],
            "time": "2023-07-28T09:04:16+00:00"
        },
        {
            "name": "symfony/var-dumper",
            "version": "v6.3.5",
            "source": {
                "type": "git",
                "url": "https://github.com/symfony/var-dumper.git",
                "reference": "3d9999376be5fea8de47752837a3e1d1c5f69ef5"
            },
            "dist": {
                "type": "zip",
                "url": "https://api.github.com/repos/symfony/var-dumper/zipball/3d9999376be5fea8de47752837a3e1d1c5f69ef5",
                "reference": "3d9999376be5fea8de47752837a3e1d1c5f69ef5",
                "shasum": ""
            },
            "require": {
                "php": ">=8.1",
                "symfony/deprecation-contracts": "^2.5|^3",
                "symfony/polyfill-mbstring": "~1.0"
            },
            "conflict": {
                "symfony/console": "<5.4"
            },
            "require-dev": {
                "ext-iconv": "*",
                "symfony/console": "^5.4|^6.0",
                "symfony/http-kernel": "^5.4|^6.0",
                "symfony/process": "^5.4|^6.0",
                "symfony/uid": "^5.4|^6.0",
                "twig/twig": "^2.13|^3.0.4"
            },
            "bin": [
                "Resources/bin/var-dump-server"
            ],
            "type": "library",
            "autoload": {
                "files": [
                    "Resources/functions/dump.php"
                ],
                "psr-4": {
                    "Symfony\\Component\\VarDumper\\": ""
                },
                "exclude-from-classmap": [
                    "/Tests/"
                ]
            },
            "notification-url": "https://packagist.org/downloads/",
            "license": [
                "MIT"
            ],
            "authors": [
                {
                    "name": "Nicolas Grekas",
                    "email": "p@tchwork.com"
                },
                {
                    "name": "Symfony Community",
                    "homepage": "https://symfony.com/contributors"
                }
            ],
            "description": "Provides mechanisms for walking through any arbitrary PHP variable",
            "homepage": "https://symfony.com",
            "keywords": [
                "debug",
                "dump"
            ],
            "support": {
                "source": "https://github.com/symfony/var-dumper/tree/v6.3.5"
            },
            "funding": [
                {
                    "url": "https://symfony.com/sponsor",
                    "type": "custom"
                },
                {
                    "url": "https://github.com/fabpot",
                    "type": "github"
                },
                {
                    "url": "https://tidelift.com/funding/github/packagist/symfony/symfony",
                    "type": "tidelift"
                }
            ],
            "time": "2023-09-12T10:11:35+00:00"
        }
    ],
    "aliases": [],
    "minimum-stability": "stable",
    "stability-flags": [],
    "prefer-stable": false,
    "prefer-lowest": false,
    "platform": [],
    "platform-dev": [],
    "plugin-api-version": "2.2.0"
}
