{
    "_readme": [
        "This file locks the dependencies of your project to a known state",
        "Read more about it at https://getcomposer.org/doc/01-basic-usage.md#installing-dependencies",
        "This file is @generated automatically"
    ],
    "content-hash": "d829f0a628358c6cfaeb4333dd33526c",
    "packages": [
        {
            "name": "idleberg/vite-manifest",
            "version": "v0.9.0",
            "source": {
                "type": "git",
                "url": "https://github.com/idleberg/php-vite-manifest.git",
                "reference": "6992857d241befdd3a7d06f5629fd2eab4cd9070"
            },
            "dist": {
                "type": "zip",
                "url": "https://api.github.com/repos/idleberg/php-vite-manifest/zipball/6992857d241befdd3a7d06f5629fd2eab4cd9070",
                "reference": "6992857d241befdd3a7d06f5629fd2eab4cd9070",
                "shasum": ""
            },
            "require": {
                "league/uri": "^6.0",
                "php": ">=8.0"
            },
            "require-dev": {
                "codeception/codeception": "^5.0.4",
                "codeception/module-asserts": "^3.0.0",
                "friendsofphp/php-cs-fixer": "^3.8",
                "phpstan/phpstan": "^1.9"
            },
            "type": "library",
            "autoload": {
                "psr-4": {
                    "Idleberg\\ViteManifest\\": "src"
                }
            },
            "notification-url": "https://packagist.org/downloads/",
            "license": [
                "MIT"
            ],
            "authors": [
                {
                    "name": "Jan T. Sott",
                    "email": "idleberg@users.noreply.github.com"
                }
            ],
            "description": "A parser for Vite v2 manifest files",
            "keywords": [
                "vite",
                "vite manifest",
                "vitejs"
            ],
            "support": {
                "issues": "https://github.com/idleberg/php-vite-manifest/issues",
                "source": "https://github.com/idleberg/php-vite-manifest/tree/v0.9.0"
            },
            "time": "2023-05-31T21:45:00+00:00"
        },
        {
            "name": "idleberg/wordpress-vite-assets",
            "version": "v0.10.0",
            "source": {
                "type": "git",
                "url": "https://github.com/idleberg/php-wordpress-vite-assets.git",
                "reference": "2b6ded56f8000f74bcb715409e6e3a42f697cbea"
            },
            "dist": {
                "type": "zip",
                "url": "https://api.github.com/repos/idleberg/php-wordpress-vite-assets/zipball/2b6ded56f8000f74bcb715409e6e3a42f697cbea",
                "reference": "2b6ded56f8000f74bcb715409e6e3a42f697cbea",
                "shasum": ""
            },
            "require": {
                "idleberg/vite-manifest": "^0.9.0",
                "php": ">=8.0"
            },
            "require-dev": {
                "codeception/codeception": "^5.0.4",
                "codeception/module-asserts": "^3.0.0",
                "friendsofphp/php-cs-fixer": "^3.11",
                "phpstan/extension-installer": "^1.2",
                "phpstan/phpstan": "^1.9",
                "szepeviktor/phpstan-wordpress": "^1.1"
            },
            "type": "library",
            "autoload": {
                "psr-4": {
                    "Idleberg\\WordPress\\ViteAssets\\": "src/"
                }
            },
            "notification-url": "https://packagist.org/downloads/",
            "license": [
                "MIT"
            ],
            "authors": [
                {
                    "name": "Jan T. Sott",
                    "email": "idleberg@users.noreply.github.com"
                }
            ],
            "description": "Injects assets from a Vite manifest to the Wordpress head",
            "keywords": [
                "vite",
                "vite manifest",
                "vitejs",
                "wordpress"
            ],
            "support": {
                "issues": "https://github.com/idleberg/php-wordpress-vite-assets/issues",
                "source": "https://github.com/idleberg/php-wordpress-vite-assets/tree/v0.10.0"
            },
            "time": "2023-05-31T21:57:53+00:00"
        },
        {
            "name": "league/uri",
            "version": "6.8.0",
            "source": {
                "type": "git",
                "url": "https://github.com/thephpleague/uri.git",
                "reference": "a700b4656e4c54371b799ac61e300ab25a2d1d39"
            },
            "dist": {
                "type": "zip",
                "url": "https://api.github.com/repos/thephpleague/uri/zipball/a700b4656e4c54371b799ac61e300ab25a2d1d39",
                "reference": "a700b4656e4c54371b799ac61e300ab25a2d1d39",
                "shasum": ""
            },
            "require": {
                "ext-json": "*",
                "league/uri-interfaces": "^2.3",
                "php": "^8.1",
                "psr/http-message": "^1.0.1"
            },
            "conflict": {
                "league/uri-schemes": "^1.0"
            },
            "require-dev": {
                "friendsofphp/php-cs-fixer": "^v3.9.5",
                "nyholm/psr7": "^1.5.1",
                "php-http/psr7-integration-tests": "^1.1.1",
                "phpbench/phpbench": "^1.2.6",
                "phpstan/phpstan": "^1.8.5",
                "phpstan/phpstan-deprecation-rules": "^1.0",
                "phpstan/phpstan-phpunit": "^1.1.1",
                "phpstan/phpstan-strict-rules": "^1.4.3",
                "phpunit/phpunit": "^9.5.24",
                "psr/http-factory": "^1.0.1"
            },
            "suggest": {
                "ext-fileinfo": "Needed to create Data URI from a filepath",
                "ext-intl": "Needed to improve host validation",
                "league/uri-components": "Needed to easily manipulate URI objects",
                "psr/http-factory": "Needed to use the URI factory"
            },
            "type": "library",
            "extra": {
                "branch-alias": {
                    "dev-master": "6.x-dev"
                }
            },
            "autoload": {
                "psr-4": {
                    "League\\Uri\\": "src"
                }
            },
            "notification-url": "https://packagist.org/downloads/",
            "license": [
                "MIT"
            ],
            "authors": [
                {
                    "name": "Ignace Nyamagana Butera",
                    "email": "nyamsprod@gmail.com",
                    "homepage": "https://nyamsprod.com"
                }
            ],
            "description": "URI manipulation library",
            "homepage": "https://uri.thephpleague.com",
            "keywords": [
                "data-uri",
                "file-uri",
                "ftp",
                "hostname",
                "http",
                "https",
                "middleware",
                "parse_str",
                "parse_url",
                "psr-7",
                "query-string",
                "querystring",
                "rfc3986",
                "rfc3987",
                "rfc6570",
                "uri",
                "uri-template",
                "url",
                "ws"
            ],
            "support": {
                "docs": "https://uri.thephpleague.com",
                "forum": "https://thephpleague.slack.com",
                "issues": "https://github.com/thephpleague/uri/issues",
                "source": "https://github.com/thephpleague/uri/tree/6.8.0"
            },
            "funding": [
                {
                    "url": "https://github.com/sponsors/nyamsprod",
                    "type": "github"
                }
            ],
            "time": "2022-09-13T19:58:47+00:00"
        },
        {
            "name": "league/uri-interfaces",
            "version": "2.3.0",
            "source": {
                "type": "git",
                "url": "https://github.com/thephpleague/uri-interfaces.git",
                "reference": "00e7e2943f76d8cb50c7dfdc2f6dee356e15e383"
            },
            "dist": {
                "type": "zip",
                "url": "https://api.github.com/repos/thephpleague/uri-interfaces/zipball/00e7e2943f76d8cb50c7dfdc2f6dee356e15e383",
                "reference": "00e7e2943f76d8cb50c7dfdc2f6dee356e15e383",
                "shasum": ""
            },
            "require": {
                "ext-json": "*",
                "php": "^7.2 || ^8.0"
            },
            "require-dev": {
                "friendsofphp/php-cs-fixer": "^2.19",
                "phpstan/phpstan": "^0.12.90",
                "phpstan/phpstan-phpunit": "^0.12.19",
                "phpstan/phpstan-strict-rules": "^0.12.9",
                "phpunit/phpunit": "^8.5.15 || ^9.5"
            },
            "suggest": {
                "ext-intl": "to use the IDNA feature",
                "symfony/intl": "to use the IDNA feature via Symfony Polyfill"
            },
            "type": "library",
            "extra": {
                "branch-alias": {
                    "dev-master": "2.x-dev"
                }
            },
            "autoload": {
                "psr-4": {
                    "League\\Uri\\": "src/"
                }
            },
            "notification-url": "https://packagist.org/downloads/",
            "license": [
                "MIT"
            ],
            "authors": [
                {
                    "name": "Ignace Nyamagana Butera",
                    "email": "nyamsprod@gmail.com",
                    "homepage": "https://nyamsprod.com"
                }
            ],
            "description": "Common interface for URI representation",
            "homepage": "http://github.com/thephpleague/uri-interfaces",
            "keywords": [
                "rfc3986",
                "rfc3987",
                "uri",
                "url"
            ],
            "support": {
                "issues": "https://github.com/thephpleague/uri-interfaces/issues",
                "source": "https://github.com/thephpleague/uri-interfaces/tree/2.3.0"
            },
            "funding": [
                {
                    "url": "https://github.com/sponsors/nyamsprod",
                    "type": "github"
                }
            ],
            "time": "2021-06-28T04:27:21+00:00"
        },
        {
            "name": "log1x/navi",
            "version": "v2.0.3",
            "source": {
                "type": "git",
                "url": "https://github.com/Log1x/navi.git",
                "reference": "74de35686654217865e19be750baf11bf1d41f68"
            },
            "dist": {
                "type": "zip",
                "url": "https://api.github.com/repos/Log1x/navi/zipball/74de35686654217865e19be750baf11bf1d41f68",
                "reference": "74de35686654217865e19be750baf11bf1d41f68",
                "shasum": ""
            },
            "require": {
                "php": "^7.0|^8.0"
            },
            "require-dev": {
                "squizlabs/php_codesniffer": "^3.4"
            },
            "type": "package",
            "extra": {
                "acorn": {
                    "providers": [
                        "Log1x\\Navi\\Providers\\NaviServiceProvider"
                    ],
                    "aliases": {
                        "Navi": "Log1x\\Navi\\Facades\\Navi"
                    }
                }
            },
            "autoload": {
                "psr-4": {
                    "Log1x\\Navi\\": "src/"
                }
            },
            "notification-url": "https://packagist.org/downloads/",
            "license": [
                "MIT"
            ],
            "authors": [
                {
                    "name": "Brandon Nifong",
                    "email": "brandon@tendency.me"
                }
            ],
            "description": "A developer-friendly alternative to the WordPress NavWalker.",
            "keywords": [
                "navwalker",
                "wordpress",
                "wordpress-plugin"
            ],
            "support": {
                "issues": "https://github.com/log1x/navi/issues",
                "source": "https://github.com/Log1x/navi/tree/v2.0.3"
            },
            "funding": [
                {
                    "url": "https://github.com/Log1x",
                    "type": "github"
                }
            ],
            "time": "2022-09-16T21:43:14+00:00"
        },
        {
            "name": "lukapeharda/tailwindcss-color-palette-generator",
            "version": "0.3.3",
            "source": {
                "type": "git",
                "url": "https://github.com/lukapeharda/tailwindcss-color-palette-generator.git",
                "reference": "58fedbfd11c23661d277663efbccd35fc91b007f"
            },
            "dist": {
                "type": "zip",
                "url": "https://api.github.com/repos/lukapeharda/tailwindcss-color-palette-generator/zipball/58fedbfd11c23661d277663efbccd35fc91b007f",
                "reference": "58fedbfd11c23661d277663efbccd35fc91b007f",
                "shasum": ""
            },
            "require": {
                "php": ">=7.4"
            },
            "type": "library",
            "autoload": {
                "psr-4": {
                    "LukaPeharda\\TailwindCssColorPaletteGenerator\\": "src/"
                }
            },
            "notification-url": "https://packagist.org/downloads/",
            "license": [
                "MIT"
            ],
            "authors": [
                {
                    "name": "Luka Peharda",
                    "email": "luka.peharda@gmail.com"
                }
            ],
            "description": "Generate TailwindCSS color palette from a single color.",
            "keywords": [
                "color",
                "generator",
                "palette",
                "tailwindcss"
            ],
            "support": {
                "issues": "https://github.com/lukapeharda/tailwindcss-color-palette-generator/issues",
                "source": "https://github.com/lukapeharda/tailwindcss-color-palette-generator/tree/0.3.3"
            },
            "time": "2023-04-17T12:52:26+00:00"
        },
        {
            "name": "psr/container",
            "version": "2.0.2",
            "source": {
                "type": "git",
                "url": "https://github.com/php-fig/container.git",
                "reference": "c71ecc56dfe541dbd90c5360474fbc405f8d5963"
            },
            "dist": {
                "type": "zip",
                "url": "https://api.github.com/repos/php-fig/container/zipball/c71ecc56dfe541dbd90c5360474fbc405f8d5963",
                "reference": "c71ecc56dfe541dbd90c5360474fbc405f8d5963",
                "shasum": ""
            },
            "require": {
                "php": ">=7.4.0"
            },
            "type": "library",
            "extra": {
                "branch-alias": {
                    "dev-master": "2.0.x-dev"
                }
            },
            "autoload": {
                "psr-4": {
                    "Psr\\Container\\": "src/"
                }
            },
            "notification-url": "https://packagist.org/downloads/",
            "license": [
                "MIT"
            ],
            "authors": [
                {
                    "name": "PHP-FIG",
                    "homepage": "https://www.php-fig.org/"
                }
            ],
            "description": "Common Container Interface (PHP FIG PSR-11)",
            "homepage": "https://github.com/php-fig/container",
            "keywords": [
                "PSR-11",
                "container",
                "container-interface",
                "container-interop",
                "psr"
            ],
            "support": {
                "issues": "https://github.com/php-fig/container/issues",
                "source": "https://github.com/php-fig/container/tree/2.0.2"
            },
            "time": "2021-11-05T16:47:00+00:00"
        },
        {
            "name": "psr/http-message",
            "version": "1.1",
            "source": {
                "type": "git",
                "url": "https://github.com/php-fig/http-message.git",
                "reference": "cb6ce4845ce34a8ad9e68117c10ee90a29919eba"
            },
            "dist": {
                "type": "zip",
                "url": "https://api.github.com/repos/php-fig/http-message/zipball/cb6ce4845ce34a8ad9e68117c10ee90a29919eba",
                "reference": "cb6ce4845ce34a8ad9e68117c10ee90a29919eba",
                "shasum": ""
            },
            "require": {
                "php": "^7.2 || ^8.0"
            },
            "type": "library",
            "extra": {
                "branch-alias": {
                    "dev-master": "1.1.x-dev"
                }
            },
            "autoload": {
                "psr-4": {
                    "Psr\\Http\\Message\\": "src/"
                }
            },
            "notification-url": "https://packagist.org/downloads/",
            "license": [
                "MIT"
            ],
            "authors": [
                {
                    "name": "PHP-FIG",
                    "homepage": "http://www.php-fig.org/"
                }
            ],
            "description": "Common interface for HTTP messages",
            "homepage": "https://github.com/php-fig/http-message",
            "keywords": [
                "http",
                "http-message",
                "psr",
                "psr-7",
                "request",
                "response"
            ],
            "support": {
                "source": "https://github.com/php-fig/http-message/tree/1.1"
            },
            "time": "2023-04-04T09:50:52+00:00"
        },
        {
            "name": "wp-strap/vite",
            "version": "0.3.5",
            "source": {
                "type": "git",
                "url": "https://github.com/wp-strap/vite-php.git",
                "reference": "2473db0777b3985dc1c926581124d11872a5fec7"
            },
            "dist": {
                "type": "zip",
                "url": "https://api.github.com/repos/wp-strap/vite-php/zipball/2473db0777b3985dc1c926581124d11872a5fec7",
                "reference": "2473db0777b3985dc1c926581124d11872a5fec7",
                "shasum": ""
            },
            "require": {
                "psr/container": "^2.0"
            },
            "require-dev": {
                "captainhook/captainhook": "^5.16",
                "dealerdirect/phpcodesniffer-composer-installer": "^1.0.0",
                "php-parallel-lint/php-parallel-lint": "^1.3",
                "php-stubs/wordpress-stubs": "^6.2.1",
                "phpcompatibility/phpcompatibility-wp": "*",
                "phpcsstandards/phpcsextra": "^1.0.4",
                "phpcsstandards/phpcsutils": "^1.0.6",
                "roave/security-advisories": "dev-latest",
                "slevomat/coding-standard": "~8.13.1",
                "szepeviktor/phpstan-wordpress": "^1.3.0",
                "wp-coding-standards/wpcs": "*"
            },
            "type": "library",
            "autoload": {
                "psr-4": {
                    "WPStrap\\Vite\\": "src/"
                }
            },
            "notification-url": "https://packagist.org/downloads/",
            "license": [
                "BSD-2-Clause"
            ],
            "description": "A collection of back-end utilities for WordPress development with ViteJS.",
            "support": {
                "issues": "https://github.com/wp-strap/vite-php/issues",
                "source": "https://github.com/wp-strap/vite-php/tree/0.3.5"
            },
            "time": "2023-07-05T14:37:25+00:00"
        }
    ],
    "packages-dev": [
        {
            "name": "symfony/polyfill-mbstring",
            "version": "v1.27.0",
            "source": {
                "type": "git",
                "url": "https://github.com/symfony/polyfill-mbstring.git",
                "reference": "8ad114f6b39e2c98a8b0e3bd907732c207c2b534"
            },
            "dist": {
                "type": "zip",
                "url": "https://api.github.com/repos/symfony/polyfill-mbstring/zipball/8ad114f6b39e2c98a8b0e3bd907732c207c2b534",
                "reference": "8ad114f6b39e2c98a8b0e3bd907732c207c2b534",
                "shasum": ""
            },
            "require": {
                "php": ">=7.1"
            },
            "provide": {
                "ext-mbstring": "*"
            },
            "suggest": {
                "ext-mbstring": "For best performance"
            },
            "type": "library",
            "extra": {
                "branch-alias": {
                    "dev-main": "1.27-dev"
                },
                "thanks": {
                    "name": "symfony/polyfill",
                    "url": "https://github.com/symfony/polyfill"
                }
            },
            "autoload": {
                "files": [
                    "bootstrap.php"
                ],
                "psr-4": {
                    "Symfony\\Polyfill\\Mbstring\\": ""
                }
            },
            "notification-url": "https://packagist.org/downloads/",
            "license": [
                "MIT"
            ],
            "authors": [
                {
                    "name": "Nicolas Grekas",
                    "email": "p@tchwork.com"
                },
                {
                    "name": "Symfony Community",
                    "homepage": "https://symfony.com/contributors"
                }
            ],
            "description": "Symfony polyfill for the Mbstring extension",
            "homepage": "https://symfony.com",
            "keywords": [
                "compatibility",
                "mbstring",
                "polyfill",
                "portable",
                "shim"
            ],
            "support": {
                "source": "https://github.com/symfony/polyfill-mbstring/tree/v1.27.0"
            },
            "funding": [
                {
                    "url": "https://symfony.com/sponsor",
                    "type": "custom"
                },
                {
                    "url": "https://github.com/fabpot",
                    "type": "github"
                },
                {
                    "url": "https://tidelift.com/funding/github/packagist/symfony/symfony",
                    "type": "tidelift"
                }
            ],
            "time": "2022-11-03T14:55:06+00:00"
        },
        {
            "name": "symfony/var-dumper",
            "version": "v6.3.0",
            "source": {
                "type": "git",
                "url": "https://github.com/symfony/var-dumper.git",
                "reference": "6acdcd5c122074ee9f7b051e4fb177025c277a0e"
            },
            "dist": {
                "type": "zip",
                "url": "https://api.github.com/repos/symfony/var-dumper/zipball/6acdcd5c122074ee9f7b051e4fb177025c277a0e",
                "reference": "6acdcd5c122074ee9f7b051e4fb177025c277a0e",
                "shasum": ""
            },
            "require": {
                "php": ">=8.1",
                "symfony/polyfill-mbstring": "~1.0"
            },
            "conflict": {
                "symfony/console": "<5.4"
            },
            "require-dev": {
                "ext-iconv": "*",
                "symfony/console": "^5.4|^6.0",
                "symfony/process": "^5.4|^6.0",
                "symfony/uid": "^5.4|^6.0",
                "twig/twig": "^2.13|^3.0.4"
            },
            "bin": [
                "Resources/bin/var-dump-server"
            ],
            "type": "library",
            "autoload": {
                "files": [
                    "Resources/functions/dump.php"
                ],
                "psr-4": {
                    "Symfony\\Component\\VarDumper\\": ""
                },
                "exclude-from-classmap": [
                    "/Tests/"
                ]
            },
            "notification-url": "https://packagist.org/downloads/",
            "license": [
                "MIT"
            ],
            "authors": [
                {
                    "name": "Nicolas Grekas",
                    "email": "p@tchwork.com"
                },
                {
                    "name": "Symfony Community",
                    "homepage": "https://symfony.com/contributors"
                }
            ],
            "description": "Provides mechanisms for walking through any arbitrary PHP variable",
            "homepage": "https://symfony.com",
            "keywords": [
                "debug",
                "dump"
            ],
            "support": {
                "source": "https://github.com/symfony/var-dumper/tree/v6.3.0"
            },
            "funding": [
                {
                    "url": "https://symfony.com/sponsor",
                    "type": "custom"
                },
                {
                    "url": "https://github.com/fabpot",
                    "type": "github"
                },
                {
                    "url": "https://tidelift.com/funding/github/packagist/symfony/symfony",
                    "type": "tidelift"
                }
            ],
            "time": "2023-05-25T13:09:35+00:00"
        }
    ],
    "aliases": [],
    "minimum-stability": "stable",
    "stability-flags": [],
    "prefer-stable": false,
    "prefer-lowest": false,
    "platform": [],
    "platform-dev": [],
    "plugin-api-version": "2.3.0"
}
